{
  "name": "async-ctx",
  "version": "1.0.0",
  "lockfileVersion": 1,
  "requires": true,
  "dependencies": {
    "func-wrapper": {
      "version": "1.0.1",
      "resolved": "http://registry.npm.taobao.org/func-wrapper/download/func-wrapper-1.0.1.tgz",
      "integrity": "sha1-+ucWnIWoTR3XcQ04jWSQLDLj7wo=",
      "requires": {
        "js-is-type": "2.0.0"
      },
      "dependencies": {
        "js-is-type": {
          "version": "2.0.0",
          "resolved": "http://registry.npm.taobao.org/js-is-type/download/js-is-type-2.0.0.tgz",
          "integrity": "sha1-jQen6wmFPcbf6ABY+71Fu3N4thc="
        }
      }
    },
    "js-is-type": {
      "version": "1.1.0",
      "resolved": "http://registry.npm.taobao.org/js-is-type/download/js-is-type-1.1.0.tgz",
      "integrity": "sha1-gkmxR4zX1ZG/GKQ6L/U952WfPFg="
    }
  }
}
